
Microsoft Visual Studio Solution File, Format Version 12.00
# Visual Studio Version 16
VisualStudioVersion = 16.0.30711.63
MinimumVisualStudioVersion = 10.0.40219.1
Project("{FAE04EC0-301F-11D3-BF4B-00C04F79EFBC}") = "Birds", "Birds\Birds.csproj", "{403A8982-857B-4041-8A74-94CC64D62C99}"
EndProject
Global
	GlobalSection(SolutionConfigurationPlatforms) = preSolution
		Debug|Any CPU = Debug|Any CPU
		Release|Any CPU = Release|Any CPU
	EndGlobalSection
	GlobalSection(ProjectConfigurationPlatforms) = postSolution
		{403A8982-857B-4041-8A74-94CC64D62C99}.Debug|Any CPU.ActiveCfg = Debug|Any CPU
		{403A8982-857B-4041-8A74-94CC64D62C99}.Debug|Any CPU.Build.0 = Debug|Any CPU
		{403A8982-857B-4041-8A74-94CC64D62C99}.Release|Any CPU.ActiveCfg = Release|Any CPU
		{403A8982-857B-4041-8A74-94CC64D62C99}.Release|Any CPU.Build.0 = Release|Any CPU
	EndGlobalSection
	GlobalSection(SolutionProperties) = preSolution
		HideSolutionNode = FALSE
	EndGlobalSection
	GlobalSection(ExtensibilityGlobals) = postSolution
		SolutionGuid = {3BFA22D5-B197-4981-94A0-989D80970C8A}
	EndGlobalSection
EndGlobal
